
Microsoft Visual Studio Solution File, Format Version 12.00
# Visual Studio Version 17
VisualStudioVersion = 17.8.34309.116
MinimumVisualStudioVersion = 10.0.40219.1
Project("{2150E333-8FDC-42A3-9474-1A3956D46DE8}") = "src", "src", "{26B78C35-38B4-45FA-9DB5-1701E6276EC8}"
EndProject
Project("{2150E333-8FDC-42A3-9474-1A3956D46DE8}") = "test", "test", "{6A08E457-22BD-4507-AE90-0750350C4C28}"
EndProject
Project("{9A19103F-16F7-4668-BE54-9A1E7A4F7556}") = "WebAPI", "src\WebAPI\WebAPI.csproj", "{B5ED0B8A-C586-45EA-A659-24D7247966F3}"
EndProject
Project("{2150E333-8FDC-42A3-9474-1A3956D46DE8}") = "0. Domain", "0. Domain", "{964ACF7A-011A-43AF-947D-ACA7C0600EA0}"
EndProject
Project("{2150E333-8FDC-42A3-9474-1A3956D46DE8}") = "1. Application", "1. Application", "{181397F0-C68F-409A-9BCC-990E28A1A2A5}"
EndProject
Project("{2150E333-8FDC-42A3-9474-1A3956D46DE8}") = "2. Infrastructure", "2. Infrastructure", "{7901E473-F21B-4640-A8A4-3E05F456BCC5}"
EndProject
Project("{2150E333-8FDC-42A3-9474-1A3956D46DE8}") = "4. Presentation", "4. Presentation", "{247A7F50-1C6A-4F2C-945D-1069FAD3BAA2}"
EndProject
Project("{9A19103F-16F7-4668-BE54-9A1E7A4F7556}") = "Domain", "src\Domain\Domain.csproj", "{BBF29FBE-A899-402D-8F35-7A1858C5E7D7}"
EndProject
Project("{9A19103F-16F7-4668-BE54-9A1E7A4F7556}") = "Application", "src\Application\Application.csproj", "{D1A036B4-B576-4308-8F68-6408D567D21E}"
EndProject
Project("{9A19103F-16F7-4668-BE54-9A1E7A4F7556}") = "Infrastructure", "src\Infrastructure\Infrastructure.csproj", "{F4F6AA4D-D1AE-4C02-8C9F-40BF06471F8C}"
EndProject
Project("{9A19103F-16F7-4668-BE54-9A1E7A4F7556}") = "Presentation", "src\Presentation\Presentation.csproj", "{69930AEA-6E23-4AA3-BE1F-21C43430C91B}"
EndProject
Project("{2150E333-8FDC-42A3-9474-1A3956D46DE8}") = "Solution Items", "Solution Items", "{11B775AA-16C8-4870-AD6F-4CD43CFBCCF7}"
	ProjectSection(SolutionItems) = preProject
		.gitignore = .gitignore
		README.md = README.md
	EndProjectSection
EndProject
Project("{2150E333-8FDC-42A3-9474-1A3956D46DE8}") = "dbinit", "dbinit", "{C6C54748-C353-4EF1-998F-B319E6A902AE}"
	ProjectSection(SolutionItems) = preProject
		01-init-db.sql = 01-init-db.sql
		02-db-functions.sql = 02-db-functions.sql
	EndProjectSection
EndProject
Project("{2150E333-8FDC-42A3-9474-1A3956D46DE8}") = "Unit", "Unit", "{698D68EB-9E93-452E-A349-59AE5FDE1B82}"
EndProject
Project("{9A19103F-16F7-4668-BE54-9A1E7A4F7556}") = "Application.UnitTests", "test\Application.UnitTests\Application.UnitTests.csproj", "{9D5557E7-43FC-4ED4-A25F-FD3EF194F83C}"
EndProject
Project("{9A19103F-16F7-4668-BE54-9A1E7A4F7556}") = "Presentation.UnitTests", "test\Presentation.UnitTests\Presentation.UnitTests.csproj", "{44412D23-3C8C-4F26-8638-2C801771E848}"
EndProject
Project("{9A19103F-16F7-4668-BE54-9A1E7A4F7556}") = "Tests.Common", "test\Tests.Common\Tests.Common.csproj", "{A7F4A39E-059B-44E3-AD46-5CA98B10DDF3}"
EndProject
Global
	GlobalSection(SolutionConfigurationPlatforms) = preSolution
		Debug|Any CPU = Debug|Any CPU
		Release|Any CPU = Release|Any CPU
	EndGlobalSection
	GlobalSection(ProjectConfigurationPlatforms) = postSolution
		{B5ED0B8A-C586-45EA-A659-24D7247966F3}.Debug|Any CPU.ActiveCfg = Debug|Any CPU
		{B5ED0B8A-C586-45EA-A659-24D7247966F3}.Debug|Any CPU.Build.0 = Debug|Any CPU
		{B5ED0B8A-C586-45EA-A659-24D7247966F3}.Release|Any CPU.ActiveCfg = Release|Any CPU
		{B5ED0B8A-C586-45EA-A659-24D7247966F3}.Release|Any CPU.Build.0 = Release|Any CPU
		{BBF29FBE-A899-402D-8F35-7A1858C5E7D7}.Debug|Any CPU.ActiveCfg = Debug|Any CPU
		{BBF29FBE-A899-402D-8F35-7A1858C5E7D7}.Debug|Any CPU.Build.0 = Debug|Any CPU
		{BBF29FBE-A899-402D-8F35-7A1858C5E7D7}.Release|Any CPU.ActiveCfg = Release|Any CPU
		{BBF29FBE-A899-402D-8F35-7A1858C5E7D7}.Release|Any CPU.Build.0 = Release|Any CPU
		{D1A036B4-B576-4308-8F68-6408D567D21E}.Debug|Any CPU.ActiveCfg = Debug|Any CPU
		{D1A036B4-B576-4308-8F68-6408D567D21E}.Debug|Any CPU.Build.0 = Debug|Any CPU
		{D1A036B4-B576-4308-8F68-6408D567D21E}.Release|Any CPU.ActiveCfg = Release|Any CPU
		{D1A036B4-B576-4308-8F68-6408D567D21E}.Release|Any CPU.Build.0 = Release|Any CPU
		{F4F6AA4D-D1AE-4C02-8C9F-40BF06471F8C}.Debug|Any CPU.ActiveCfg = Debug|Any CPU
		{F4F6AA4D-D1AE-4C02-8C9F-40BF06471F8C}.Debug|Any CPU.Build.0 = Debug|Any CPU
		{F4F6AA4D-D1AE-4C02-8C9F-40BF06471F8C}.Release|Any CPU.ActiveCfg = Release|Any CPU
		{F4F6AA4D-D1AE-4C02-8C9F-40BF06471F8C}.Release|Any CPU.Build.0 = Release|Any CPU
		{69930AEA-6E23-4AA3-BE1F-21C43430C91B}.Debug|Any CPU.ActiveCfg = Debug|Any CPU
		{69930AEA-6E23-4AA3-BE1F-21C43430C91B}.Debug|Any CPU.Build.0 = Debug|Any CPU
		{69930AEA-6E23-4AA3-BE1F-21C43430C91B}.Release|Any CPU.ActiveCfg = Release|Any CPU
		{69930AEA-6E23-4AA3-BE1F-21C43430C91B}.Release|Any CPU.Build.0 = Release|Any CPU
		{9D5557E7-43FC-4ED4-A25F-FD3EF194F83C}.Debug|Any CPU.ActiveCfg = Debug|Any CPU
		{9D5557E7-43FC-4ED4-A25F-FD3EF194F83C}.Debug|Any CPU.Build.0 = Debug|Any CPU
		{9D5557E7-43FC-4ED4-A25F-FD3EF194F83C}.Release|Any CPU.ActiveCfg = Release|Any CPU
		{9D5557E7-43FC-4ED4-A25F-FD3EF194F83C}.Release|Any CPU.Build.0 = Release|Any CPU
		{44412D23-3C8C-4F26-8638-2C801771E848}.Debug|Any CPU.ActiveCfg = Debug|Any CPU
		{44412D23-3C8C-4F26-8638-2C801771E848}.Debug|Any CPU.Build.0 = Debug|Any CPU
		{44412D23-3C8C-4F26-8638-2C801771E848}.Release|Any CPU.ActiveCfg = Release|Any CPU
		{44412D23-3C8C-4F26-8638-2C801771E848}.Release|Any CPU.Build.0 = Release|Any CPU
		{A7F4A39E-059B-44E3-AD46-5CA98B10DDF3}.Debug|Any CPU.ActiveCfg = Debug|Any CPU
		{A7F4A39E-059B-44E3-AD46-5CA98B10DDF3}.Debug|Any CPU.Build.0 = Debug|Any CPU
		{A7F4A39E-059B-44E3-AD46-5CA98B10DDF3}.Release|Any CPU.ActiveCfg = Release|Any CPU
		{A7F4A39E-059B-44E3-AD46-5CA98B10DDF3}.Release|Any CPU.Build.0 = Release|Any CPU
	EndGlobalSection
	GlobalSection(SolutionProperties) = preSolution
		HideSolutionNode = FALSE
	EndGlobalSection
	GlobalSection(NestedProjects) = preSolution
		{B5ED0B8A-C586-45EA-A659-24D7247966F3} = {26B78C35-38B4-45FA-9DB5-1701E6276EC8}
		{964ACF7A-011A-43AF-947D-ACA7C0600EA0} = {26B78C35-38B4-45FA-9DB5-1701E6276EC8}
		{181397F0-C68F-409A-9BCC-990E28A1A2A5} = {26B78C35-38B4-45FA-9DB5-1701E6276EC8}
		{7901E473-F21B-4640-A8A4-3E05F456BCC5} = {26B78C35-38B4-45FA-9DB5-1701E6276EC8}
		{247A7F50-1C6A-4F2C-945D-1069FAD3BAA2} = {26B78C35-38B4-45FA-9DB5-1701E6276EC8}
		{BBF29FBE-A899-402D-8F35-7A1858C5E7D7} = {964ACF7A-011A-43AF-947D-ACA7C0600EA0}
		{D1A036B4-B576-4308-8F68-6408D567D21E} = {181397F0-C68F-409A-9BCC-990E28A1A2A5}
		{F4F6AA4D-D1AE-4C02-8C9F-40BF06471F8C} = {7901E473-F21B-4640-A8A4-3E05F456BCC5}
		{69930AEA-6E23-4AA3-BE1F-21C43430C91B} = {247A7F50-1C6A-4F2C-945D-1069FAD3BAA2}
		{C6C54748-C353-4EF1-998F-B319E6A902AE} = {11B775AA-16C8-4870-AD6F-4CD43CFBCCF7}
		{698D68EB-9E93-452E-A349-59AE5FDE1B82} = {6A08E457-22BD-4507-AE90-0750350C4C28}
		{9D5557E7-43FC-4ED4-A25F-FD3EF194F83C} = {698D68EB-9E93-452E-A349-59AE5FDE1B82}
		{44412D23-3C8C-4F26-8638-2C801771E848} = {698D68EB-9E93-452E-A349-59AE5FDE1B82}
		{A7F4A39E-059B-44E3-AD46-5CA98B10DDF3} = {6A08E457-22BD-4507-AE90-0750350C4C28}
	EndGlobalSection
	GlobalSection(ExtensibilityGlobals) = postSolution
		SolutionGuid = {7327AA8A-8400-46D0-BD0C-C1DA6AE27F34}
	EndGlobalSection
EndGlobal
